lockfileVersion: '9.0'

settings:
  autoInstallPeers: true
  excludeLinksFromLockfile: false

importers:

  .:
    dependencies:
      '@tauri-apps/api':
        specifier: ^2.3.0
        version: 2.3.0
    devDependencies:
      flatbuffers:
        specifier: ^25.2.10
        version: 25.2.10
      typescript:
        specifier: ^5.7.3
        version: 5.7.3

packages:

  '@tauri-apps/api@2.3.0':
    resolution: {integrity: sha512-33Z+0lX2wgZbx1SPFfqvzI6su63hCBkbzv+5NexeYjIx7WA9htdOKoRR7Dh3dJyltqS5/J8vQFyybiRoaL0hlA==}

  flatbuffers@25.2.10:
    resolution: {integrity: sha512-7JlN9ZvLDG1McO3kbX0k4v+SUAg48L1rIwEvN6ZQl/eCtgJz9UylTMzE9wrmYrcorgxm3CX/3T/w5VAub99UUw==}

  typescript@5.7.3:
    resolution: {integrity: sha512-84MVSjMEHP+FQRPy3pX9sTVV/INIex71s9TL2Gm5FG/WG1SqXeKyZ0k7/blY/4FdOzI12CBy1vGc4og/eus0fw==}
    engines: {node: '>=14.17'}
    hasBin: true

snapshots:

  '@tauri-apps/api@2.3.0': {}

  flatbuffers@25.2.10: {}

  typescript@5.7.3: {}
